
Microsoft Visual Studio Solution File, Format Version 12.00
# Visual Studio 15
VisualStudioVersion = 15.0.27428.2005
MinimumVisualStudioVersion = 10.0.40219.1
Project("{FAE04EC0-301F-11D3-BF4B-00C04F79EFBC}") = "Test", "Test\Test.csproj", "{0136A56C-0649-4077-AAEA-2076DDBC5359}"
EndProject
Global
	GlobalSection(SolutionConfigurationPlatforms) = preSolution
		Debug|Any CPU = Debug|Any CPU
		Release|Any CPU = Release|Any CPU
	EndGlobalSection
	GlobalSection(ProjectConfigurationPlatforms) = postSolution
		{0136A56C-0649-4077-AAEA-2076DDBC5359}.Debug|Any CPU.ActiveCfg = Debug|Any CPU
		{0136A56C-0649-4077-AAEA-2076DDBC5359}.Debug|Any CPU.Build.0 = Debug|Any CPU
		{0136A56C-0649-4077-AAEA-2076DDBC5359}.Release|Any CPU.ActiveCfg = Release|Any CPU
		{0136A56C-0649-4077-AAEA-2076DDBC5359}.Release|Any CPU.Build.0 = Release|Any CPU
	EndGlobalSection
	GlobalSection(SolutionProperties) = preSolution
		HideSolutionNode = FALSE
	EndGlobalSection
	GlobalSection(ExtensibilityGlobals) = postSolution
		SolutionGuid = {4FA8511E-9CA8-4BD4-BBC0-B6BAD9DC0927}
	EndGlobalSection
EndGlobal
